
Microsoft Visual Studio Solution File, Format Version 12.00
# Visual Studio 15
VisualStudioVersion = 15.0.28010.2046
MinimumVisualStudioVersion = 10.0.40219.1
Project("{FAE04EC0-301F-11D3-BF4B-00C04F79EFBC}") = "BasicRcps", "BasicRcps\BasicRcps.csproj", "{84634DBC-B589-41A5-A3B8-F8926F29A1E7}"
EndProject
Global
	GlobalSection(SolutionConfigurationPlatforms) = preSolution
		Debug|Any CPU = Debug|Any CPU
		Release|Any CPU = Release|Any CPU
	EndGlobalSection
	GlobalSection(ProjectConfigurationPlatforms) = postSolution
		{84634DBC-B589-41A5-A3B8-F8926F29A1E7}.Debug|Any CPU.ActiveCfg = Debug|Any CPU
		{84634DBC-B589-41A5-A3B8-F8926F29A1E7}.Debug|Any CPU.Build.0 = Debug|Any CPU
		{84634DBC-B589-41A5-A3B8-F8926F29A1E7}.Release|Any CPU.ActiveCfg = Release|Any CPU
		{84634DBC-B589-41A5-A3B8-F8926F29A1E7}.Release|Any CPU.Build.0 = Release|Any CPU
	EndGlobalSection
	GlobalSection(SolutionProperties) = preSolution
		HideSolutionNode = FALSE
	EndGlobalSection
	GlobalSection(ExtensibilityGlobals) = postSolution
		SolutionGuid = {E38AFC88-E6A9-4141-8226-90794940070C}
	EndGlobalSection
EndGlobal
